
Microsoft Visual Studio Solution File, Format Version 12.00
# Visual Studio 15
VisualStudioVersion = 15.0.28307.852
MinimumVisualStudioVersion = 10.0.40219.1
Project("{8BC9CEB8-8B4A-11D0-8D11-00A0C91BC942}") = "Exerciser1", "Exerciser1\Exerciser1.vcxproj", "{1437E88B-5DE3-4DEC-89E5-B9963E3E9C68}"
EndProject
Project("{8BC9CEB8-8B4A-11D0-8D11-00A0C91BC942}") = "Exercise2", "Exercise2\Exercise2.vcxproj", "{906C02E4-B340-4C75-B488-855F694B26E4}"
EndProject
Global
	GlobalSection(SolutionConfigurationPlatforms) = preSolution
		Debug|x64 = Debug|x64
		Debug|x86 = Debug|x86
		Release|x64 = Release|x64
		Release|x86 = Release|x86
	EndGlobalSection
	GlobalSection(ProjectConfigurationPlatforms) = postSolution
		{1437E88B-5DE3-4DEC-89E5-B9963E3E9C68}.Debug|x64.ActiveCfg = Debug|x64
		{1437E88B-5DE3-4DEC-89E5-B9963E3E9C68}.Debug|x64.Build.0 = Debug|x64
		{1437E88B-5DE3-4DEC-89E5-B9963E3E9C68}.Debug|x86.ActiveCfg = Debug|Win32
		{1437E88B-5DE3-4DEC-89E5-B9963E3E9C68}.Debug|x86.Build.0 = Debug|Win32
		{1437E88B-5DE3-4DEC-89E5-B9963E3E9C68}.Release|x64.ActiveCfg = Release|x64
		{1437E88B-5DE3-4DEC-89E5-B9963E3E9C68}.Release|x64.Build.0 = Release|x64
		{1437E88B-5DE3-4DEC-89E5-B9963E3E9C68}.Release|x86.ActiveCfg = Release|Win32
		{1437E88B-5DE3-4DEC-89E5-B9963E3E9C68}.Release|x86.Build.0 = Release|Win32
		{906C02E4-B340-4C75-B488-855F694B26E4}.Debug|x64.ActiveCfg = Debug|x64
		{906C02E4-B340-4C75-B488-855F694B26E4}.Debug|x64.Build.0 = Debug|x64
		{906C02E4-B340-4C75-B488-855F694B26E4}.Debug|x86.ActiveCfg = Debug|Win32
		{906C02E4-B340-4C75-B488-855F694B26E4}.Debug|x86.Build.0 = Debug|Win32
		{906C02E4-B340-4C75-B488-855F694B26E4}.Release|x64.ActiveCfg = Release|x64
		{906C02E4-B340-4C75-B488-855F694B26E4}.Release|x64.Build.0 = Release|x64
		{906C02E4-B340-4C75-B488-855F694B26E4}.Release|x86.ActiveCfg = Release|Win32
		{906C02E4-B340-4C75-B488-855F694B26E4}.Release|x86.Build.0 = Release|Win32
	EndGlobalSection
	GlobalSection(SolutionProperties) = preSolution
		HideSolutionNode = FALSE
	EndGlobalSection
	GlobalSection(ExtensibilityGlobals) = postSolution
		SolutionGuid = {95FAD434-EBD3-4B9B-9663-A6781AD6D6D4}
	EndGlobalSection
EndGlobal
